PATH
  remote: .
  specs:
    monetdb-sql (1.2)

GEM
  remote: https://rubygems.org/
  specs:
    rake (13.3.1)

PLATFORMS
  ruby
  x86_64-linux

DEPENDENCIES
  monetdb-sql!
  rake (~> 13.0)

CHECKSUMS
  monetdb-sql (1.2)
  rake (13.3.1) sha256=8c9e89d09f66a26a01264e7e3480ec0607f0c497a861ef16063604b1b08eb19c

BUNDLED WITH
  4.0.16
